
Microsoft Visual Studio Solution File, Format Version 12.00
# Visual Studio 15
Project("{FAE04EC0-301F-11D3-BF4B-00C04F79EFBC}") = "XamFirebase.Android", "XamFirebase.Android\XamFirebase.Android.csproj", "{E487614D-6CF2-48C4-A149-C8B007060807}"
EndProject
Project("{FAE04EC0-301F-11D3-BF4B-00C04F79EFBC}") = "XamFirebase.iOS", "XamFirebase.iOS\XamFirebase.iOS.csproj", "{00068578-E134-45E0-8424-9F405F03ABBA}"
EndProject
Project("{FAE04EC0-301F-11D3-BF4B-00C04F79EFBC}") = "XamFirebase", "XamFirebase\XamFirebase.csproj", "{A0C93622-69E3-40B0-9B67-D8C4E047E963}"
EndProject
Global
	GlobalSection(SolutionConfigurationPlatforms) = preSolution
		Debug|Any CPU = Debug|Any CPU
		Release|Any CPU = Release|Any CPU
		Debug|iPhoneSimulator = Debug|iPhoneSimulator
		Release|iPhoneSimulator = Release|iPhoneSimulator
		Debug|iPhone = Debug|iPhone
		Release|iPhone = Release|iPhone
	EndGlobalSection
	GlobalSection(ProjectConfigurationPlatforms) = postSolution
		{E487614D-6CF2-48C4-A149-C8B007060807}.Debug|Any CPU.ActiveCfg = Debug|Any CPU
		{E487614D-6CF2-48C4-A149-C8B007060807}.Debug|Any CPU.Build.0 = Debug|Any CPU
		{E487614D-6CF2-48C4-A149-C8B007060807}.Release|Any CPU.ActiveCfg = Release|Any CPU
		{E487614D-6CF2-48C4-A149-C8B007060807}.Release|Any CPU.Build.0 = Release|Any CPU
		{E487614D-6CF2-48C4-A149-C8B007060807}.Debug|iPhoneSimulator.ActiveCfg = Debug|Any CPU
		{E487614D-6CF2-48C4-A149-C8B007060807}.Debug|iPhoneSimulator.Build.0 = Debug|Any CPU
		{E487614D-6CF2-48C4-A149-C8B007060807}.Release|iPhoneSimulator.ActiveCfg = Release|Any CPU
		{E487614D-6CF2-48C4-A149-C8B007060807}.Release|iPhoneSimulator.Build.0 = Release|Any CPU
		{E487614D-6CF2-48C4-A149-C8B007060807}.Debug|iPhone.ActiveCfg = Debug|Any CPU
		{E487614D-6CF2-48C4-A149-C8B007060807}.Debug|iPhone.Build.0 = Debug|Any CPU
		{E487614D-6CF2-48C4-A149-C8B007060807}.Release|iPhone.ActiveCfg = Release|Any CPU
		{E487614D-6CF2-48C4-A149-C8B007060807}.Release|iPhone.Build.0 = Release|Any CPU
		{00068578-E134-45E0-8424-9F405F03ABBA}.Debug|Any CPU.ActiveCfg = Debug|iPhoneSimulator
		{00068578-E134-45E0-8424-9F405F03ABBA}.Debug|Any CPU.Build.0 = Debug|iPhoneSimulator
		{00068578-E134-45E0-8424-9F405F03ABBA}.Release|Any CPU.ActiveCfg = Release|iPhoneSimulator
		{00068578-E134-45E0-8424-9F405F03ABBA}.Release|Any CPU.Build.0 = Release|iPhoneSimulator
		{00068578-E134-45E0-8424-9F405F03ABBA}.Debug|iPhoneSimulator.ActiveCfg = Debug|iPhoneSimulator
		{00068578-E134-45E0-8424-9F405F03ABBA}.Debug|iPhoneSimulator.Build.0 = Debug|iPhoneSimulator
		{00068578-E134-45E0-8424-9F405F03ABBA}.Release|iPhoneSimulator.ActiveCfg = Release|iPhoneSimulator
		{00068578-E134-45E0-8424-9F405F03ABBA}.Release|iPhoneSimulator.Build.0 = Release|iPhoneSimulator
		{00068578-E134-45E0-8424-9F405F03ABBA}.Debug|iPhone.ActiveCfg = Debug|iPhone
		{00068578-E134-45E0-8424-9F405F03ABBA}.Debug|iPhone.Build.0 = Debug|iPhone
		{00068578-E134-45E0-8424-9F405F03ABBA}.Release|iPhone.ActiveCfg = Release|iPhone
		{00068578-E134-45E0-8424-9F405F03ABBA}.Release|iPhone.Build.0 = Release|iPhone
		{A0C93622-69E3-40B0-9B67-D8C4E047E963}.Debug|Any CPU.ActiveCfg = Debug|Any CPU
		{A0C93622-69E3-40B0-9B67-D8C4E047E963}.Debug|Any CPU.Build.0 = Debug|Any CPU
		{A0C93622-69E3-40B0-9B67-D8C4E047E963}.Release|Any CPU.ActiveCfg = Release|Any CPU
		{A0C93622-69E3-40B0-9B67-D8C4E047E963}.Release|Any CPU.Build.0 = Release|Any CPU
		{A0C93622-69E3-40B0-9B67-D8C4E047E963}.Debug|iPhoneSimulator.ActiveCfg = Debug|Any CPU
		{A0C93622-69E3-40B0-9B67-D8C4E047E963}.Debug|iPhoneSimulator.Build.0 = Debug|Any CPU
		{A0C93622-69E3-40B0-9B67-D8C4E047E963}.Release|iPhoneSimulator.ActiveCfg = Release|Any CPU
		{A0C93622-69E3-40B0-9B67-D8C4E047E963}.Release|iPhoneSimulator.Build.0 = Release|Any CPU
		{A0C93622-69E3-40B0-9B67-D8C4E047E963}.Debug|iPhone.ActiveCfg = Debug|Any CPU
		{A0C93622-69E3-40B0-9B67-D8C4E047E963}.Debug|iPhone.Build.0 = Debug|Any CPU
		{A0C93622-69E3-40B0-9B67-D8C4E047E963}.Release|iPhone.ActiveCfg = Release|Any CPU
		{A0C93622-69E3-40B0-9B67-D8C4E047E963}.Release|iPhone.Build.0 = Release|Any CPU
	EndGlobalSection
EndGlobal
